
Microsoft Visual Studio Solution File, Format Version 12.00
# Visual Studio Version 17
VisualStudioVersion = 17.11.35219.272
MinimumVisualStudioVersion = 10.0.40219.1
Project("{FAE04EC0-301F-11D3-BF4B-00C04F79EFBC}") = "Employee", "Employee.csproj", "{98C17D7A-5087-4703-8ADB-2920ECEB53EC}"
EndProject
Global
	GlobalSection(SolutionConfigurationPlatforms) = preSolution
		Debug|Any CPU = Debug|Any CPU
		Release|Any CPU = Release|Any CPU
	EndGlobalSection
	GlobalSection(ProjectConfigurationPlatforms) = postSolution
		{98C17D7A-5087-4703-8ADB-2920ECEB53EC}.Debug|Any CPU.ActiveCfg = Debug|Any CPU
		{98C17D7A-5087-4703-8ADB-2920ECEB53EC}.Debug|Any CPU.Build.0 = Debug|Any CPU
		{98C17D7A-5087-4703-8ADB-2920ECEB53EC}.Release|Any CPU.ActiveCfg = Release|Any CPU
		{98C17D7A-5087-4703-8ADB-2920ECEB53EC}.Release|Any CPU.Build.0 = Release|Any CPU
	EndGlobalSection
	GlobalSection(SolutionProperties) = preSolution
		HideSolutionNode = FALSE
	EndGlobalSection
	GlobalSection(ExtensibilityGlobals) = postSolution
		SolutionGuid = {214F2F47-DEF4-4C82-B5A5-E37EC7F421C5}
	EndGlobalSection
EndGlobal
